
Microsoft Visual Studio Solution File, Format Version 12.00
# Visual Studio Version 16
VisualStudioVersion = 16.0.31605.320
MinimumVisualStudioVersion = 10.0.40219.1
Project("{FAE04EC0-301F-11D3-BF4B-00C04F79EFBC}") = "Listas", "Listas.csproj", "{1CD7B1A9-9425-4035-8B36-6AC98FC9789C}"
EndProject
Global
	GlobalSection(SolutionConfigurationPlatforms) = preSolution
		Debug|Any CPU = Debug|Any CPU
		Release|Any CPU = Release|Any CPU
	EndGlobalSection
	GlobalSection(ProjectConfigurationPlatforms) = postSolution
		{1CD7B1A9-9425-4035-8B36-6AC98FC9789C}.Debug|Any CPU.ActiveCfg = Debug|Any CPU
		{1CD7B1A9-9425-4035-8B36-6AC98FC9789C}.Debug|Any CPU.Build.0 = Debug|Any CPU
		{1CD7B1A9-9425-4035-8B36-6AC98FC9789C}.Release|Any CPU.ActiveCfg = Release|Any CPU
		{1CD7B1A9-9425-4035-8B36-6AC98FC9789C}.Release|Any CPU.Build.0 = Release|Any CPU
	EndGlobalSection
	GlobalSection(SolutionProperties) = preSolution
		HideSolutionNode = FALSE
	EndGlobalSection
	GlobalSection(ExtensibilityGlobals) = postSolution
		SolutionGuid = {FAA27874-22B8-4074-A48D-1F5DADDDD956}
	EndGlobalSection
EndGlobal
